// !$*UTF8*$!
{
	archiveVersion = 1;
	classes = {
	};
	objectVersion = 56;
	objects = {

/* Begin PBXBuildFile section */
		D83333092B109011008F6D9A /* glimpseApp.swift in Sources */ = {isa = PBXBuildFile; fileRef = D83333082B109011008F6D9A /* glimpseApp.swift */; };
		D833330B2B109011008F6D9A /* ContentView.swift in Sources */ = {isa = PBXBuildFile; fileRef = D833330A2B109011008F6D9A /* ContentView.swift */; };
		D833330D2B109012008F6D9A /* Assets.xcassets in Resources */ = {isa = PBXBuildFile; fileRef = D833330C2B109012008F6D9A /* Assets.xcassets */; };
		D83333102B109012008F6D9A /* Preview Assets.xcassets in Resources */ = {isa = PBXBuildFile; fileRef = D833330F2B109012008F6D9A /* Preview Assets.xcassets */; };
		D833331B2B109012008F6D9A /* glimpseTests.swift in Sources */ = {isa = PBXBuildFile; fileRef = D833331A2B109012008F6D9A /* glimpseTests.swift */; };
		D83333252B109012008F6D9A /* glimpseUITests.swift in Sources */ = {isa = PBXBuildFile; fileRef = D83333242B109012008F6D9A /* glimpseUITests.swift */; };
		D83333272B109012008F6D9A /* glimpseUITestsLaunchTests.swift in Sources */ = {isa = PBXBuildFile; fileRef = D83333262B109012008F6D9A /* glimpseUITestsLaunchTests.swift */; };
/* End PBXBuildFile section */

/* Begin PBXContainerItemProxy section */
		D83333172B109012008F6D9A /* PBXContainerItemProxy */ = {
			isa = PBXContainerItemProxy;
			containerPortal = D83332FD2B109010008F6D9A /* Project object */;
			proxyType = 1;
			remoteGlobalIDString = D83333042B109011008F6D9A;
			remoteInfo = glimpse;
		};
		D83333212B109012008F6D9A /* PBXContainerItemProxy */ = {
			isa = PBXContainerItemProxy;
			containerPortal = D83332FD2B109010008F6D9A /* Project object */;
			proxyType = 1;
			remoteGlobalIDString = D83333042B109011008F6D9A;
			remoteInfo = glimpse;
		};
/* End PBXContainerItemProxy section */

/* Begin PBXFileReference section */
		D83333052B109011008F6D9A /* glimpse.app */ = {isa = PBXFileReference; explicitFileType = wrapper.application; includeInIndex = 0; path = glimpse.app; sourceTree = BUILT_PRODUCTS_DIR; };
		D83333082B109011008F6D9A /* glimpseApp.swift */ = {isa = PBXFileReference; lastKnownFileType = sourcecode.swift; path = glimpseApp.swift; sourceTree = "<group>"; };
		D833330A2B109011008F6D9A /* ContentView.swift */ = {isa = PBXFileReference; lastKnownFileType = sourcecode.swift; path = ContentView.swift; sourceTree = "<group>"; };
		D833330C2B109012008F6D9A /* Assets.xcassets */ = {isa = PBXFileReference; lastKnownFileType = folder.assetcatalog; path = Assets.xcassets; sourceTree = "<group>"; };
		D833330F2B109012008F6D9A /* Preview Assets.xcassets */ = {isa = PBXFileReference; lastKnownFileType = folder.assetcatalog; path = "Preview Assets.xcassets"; sourceTree = "<group>"; };
		D83333112B109012008F6D9A /* glimpse.entitlements */ = {isa = PBXFileReference; lastKnownFileType = text.plist.entitlements; path = glimpse.entitlements; sourceTree = "<group>"; };
		D83333162B109012008F6D9A /* glimpseTests.xctest */ = {isa = PBXFileReference; explicitFileType = wrapper.cfbundle; includeInIndex = 0; path = glimpseTests.xctest; sourceTree = BUILT_PRODUCTS_DIR; };
		D833331A2B109012008F6D9A /* glimpseTests.swift */ = {isa = PBXFileReference; lastKnownFileType = sourcecode.swift; path = glimpseTests.swift; sourceTree = "<group>"; };
		D83333202B109012008F6D9A /* glimpseUITests.xctest */ = {isa = PBXFileReference; explicitFileType = wrapper.cfbundle; includeInIndex = 0; path = glimpseUITests.xctest; sourceTree = BUILT_PRODUCTS_DIR; };
		D83333242B109012008F6D9A /* glimpseUITests.swift */ = {isa = PBXFileReference; lastKnownFileType = sourcecode.swift; path = glimpseUITests.swift; sourceTree = "<group>"; };
		D83333262B109012008F6D9A /* glimpseUITestsLaunchTests.swift */ = {isa = PBXFileReference; lastKnownFileType = sourcecode.swift; path = glimpseUITestsLaunchTests.swift; sourceTree = "<group>"; };
/* End PBXFileReference section */

/* Begin PBXFrameworksBuildPhase section */
		D83333022B109011008F6D9A /* Frameworks */ = {
			isa = PBXFrameworksBuildPhase;
			buildActionMask = 2147483647;
			files = (
			);
			runOnlyForDeploymentPostprocessing = 0;
		};
		D83333132B109012008F6D9A /* Frameworks */ = {
			isa = PBXFrameworksBuildPhase;
			buildActionMask = 2147483647;
			files = (
			);
			runOnlyForDeploymentPostprocessing = 0;
		};
		D833331D2B109012008F6D9A /* Frameworks */ = {
			isa = PBXFrameworksBuildPhase;
			buildActionMask = 2147483647;
			files = (
			);
			runOnlyForDeploymentPostprocessing = 0;
		};
/* End PBXFrameworksBuildPhase section */

/* Begin PBXGroup section */
		D83332FC2B109010008F6D9A = {
			isa = PBXGroup;
			children = (
				D83333072B109011008F6D9A /* glimpse */,
				D83333192B109012008F6D9A /* glimpseTests */,
				D83333232B109012008F6D9A /* glimpseUITests */,
				D83333062B109011008F6D9A /* Products */,
			);
			sourceTree = "<group>";
		};
		D83333062B109011008F6D9A /* Products */ = {
			isa = PBXGroup;
			children = (
				D83333052B109011008F6D9A /* glimpse.app */,
				D83333162B109012008F6D9A /* glimpseTests.xctest */,
				D83333202B109012008F6D9A /* glimpseUITests.xctest */,
			);
			name = Products;
			sourceTree = "<group>";
		};
		D83333072B109011008F6D9A /* glimpse */ = {
			isa = PBXGroup;
			children = (
				D83333082B109011008F6D9A /* glimpseApp.swift */,
				D833330A2B109011008F6D9A /* ContentView.swift */,
				D833330C2B109012008F6D9A /* Assets.xcassets */,
				D83333112B109012008F6D9A /* glimpse.entitlements */,
				D833330E2B109012008F6D9A /* Preview Content */,
			);
			path = glimpse;
			sourceTree = "<group>";
		};
		D833330E2B109012008F6D9A /* Preview Content */ = {
			isa = PBXGroup;
			children = (
				D833330F2B109012008F6D9A /* Preview Assets.xcassets */,
			);
			path = "Preview Content";
			sourceTree = "<group>";
		};
		D83333192B109012008F6D9A /* glimpseTests */ = {
			isa = PBXGroup;
			children = (
				D833331A2B109012008F6D9A /* glimpseTests.swift */,
			);
			path = glimpseTests;
			sourceTree = "<group>";
		};
		D83333232B109012008F6D9A /* glimpseUITests */ = {
			isa = PBXGroup;
			children = (
				D83333242B109012008F6D9A /* glimpseUITests.swift */,
				D83333262B109012008F6D9A /* glimpseUITestsLaunchTests.swift */,
			);
			path = glimpseUITests;
			sourceTree = "<group>";
		};
/* End PBXGroup section */

/* Begin PBXNativeTarget section */
		D83333042B109011008F6D9A /* glimpse */ = {
			isa = PBXNativeTarget;
			buildConfigurationList = D833332A2B109012008F6D9A /* Build configuration list for PBXNativeTarget "glimpse" */;
			buildPhases = (
				D83333012B109011008F6D9A /* Sources */,
				D83333022B109011008F6D9A /* Frameworks */,
				D83333032B109011008F6D9A /* Resources */,
			);
			buildRules = (
			);
			dependencies = (
			);
			name = glimpse;
			productName = glimpse;
			productReference = D83333052B109011008F6D9A /* glimpse.app */;
			productType = "com.apple.product-type.application";
		};
		D83333152B109012008F6D9A /* glimpseTests */ = {
			isa = PBXNativeTarget;
			buildConfigurationList = D833332D2B109012008F6D9A /* Build configuration list for PBXNativeTarget "glimpseTests" */;
			buildPhases = (
				D83333122B109012008F6D9A /* Sources */,
				D83333132B109012008F6D9A /* Frameworks */,
				D83333142B109012008F6D9A /* Resources */,
			);
			buildRules = (
			);
			dependencies = (
				D83333182B109012008F6D9A /* PBXTargetDependency */,
			);
			name = glimpseTests;
			productName = glimpseTests;
			productReference = D83333162B109012008F6D9A /* glimpseTests.xctest */;
			productType = "com.apple.product-type.bundle.unit-test";
		};
		D833331F2B109012008F6D9A /* glimpseUITests */ = {
			isa = PBXNativeTarget;
			buildConfigurationList = D83333302B109012008F6D9A /* Build configuration list for PBXNativeTarget "glimpseUITests" */;
			buildPhases = (
				D833331C2B109012008F6D9A /* Sources */,
				D833331D2B109012008F6D9A /* Frameworks */,
				D833331E2B109012008F6D9A /* Resources */,
			);
			buildRules = (
			);
			dependencies = (
				D83333222B109012008F6D9A /* PBXTargetDependency */,
			);
			name = glimpseUITests;
			productName = glimpseUITests;
			productReference = D83333202B109012008F6D9A /* glimpseUITests.xctest */;
			productType = "com.apple.product-type.bundle.ui-testing";
		};
/* End PBXNativeTarget section */

/* Begin PBXProject section */
		D83332FD2B109010008F6D9A /* Project object */ = {
			isa = PBXProject;
			attributes = {
				BuildIndependentTargetsInParallel = 1;
				LastSwiftUpdateCheck = 1500;
				LastUpgradeCheck = 1500;
				TargetAttributes = {
					D83333042B109011008F6D9A = {
						CreatedOnToolsVersion = 15.0.1;
					};
					D83333152B109012008F6D9A = {
						CreatedOnToolsVersion = 15.0.1;
						TestTargetID = D83333042B109011008F6D9A;
					};
					D833331F2B109012008F6D9A = {
						CreatedOnToolsVersion = 15.0.1;
						TestTargetID = D83333042B109011008F6D9A;
					};
				};
			};
			buildConfigurationList = D83333002B109010008F6D9A /* Build configuration list for PBXProject "glimpse" */;
			compatibilityVersion = "Xcode 14.0";
			developmentRegion = en;
			hasScannedForEncodings = 0;
			knownRegions = (
				en,
				Base,
			);
			mainGroup = D83332FC2B109010008F6D9A;
			productRefGroup = D83333062B109011008F6D9A /* Products */;
			projectDirPath = "";
			projectRoot = "";
			targets = (
				D83333042B109011008F6D9A /* glimpse */,
				D83333152B109012008F6D9A /* glimpseTests */,
				D833331F2B109012008F6D9A /* glimpseUITests */,
			);
		};
/* End PBXProject section */

/* Begin PBXResourcesBuildPhase section */
		D83333032B109011008F6D9A /* Resources */ = {
			isa = PBXResourcesBuildPhase;
			buildActionMask = 2147483647;
			files = (
				D83333102B109012008F6D9A /* Preview Assets.xcassets in Resources */,
				D833330D2B109012008F6D9A /* Assets.xcassets in Resources */,
			);
			runOnlyForDeploymentPostprocessing = 0;
		};
		D83333142B109012008F6D9A /* Resources */ = {
			isa = PBXResourcesBuildPhase;
			buildActionMask = 2147483647;
			files = (
			);
			runOnlyForDeploymentPostprocessing = 0;
		};
		D833331E2B109012008F6D9A /* Resources */ = {
			isa = PBXResourcesBuildPhase;
			buildActionMask = 2147483647;
			files = (
			);
			runOnlyForDeploymentPostprocessing = 0;
		};
/* End PBXResourcesBuildPhase section */

/* Begin PBXSourcesBuildPhase section */
		D83333012B109011008F6D9A /* Sources */ = {
			isa = PBXSourcesBuildPhase;
			buildActionMask = 2147483647;
			files = (
				D833330B2B109011008F6D9A /* ContentView.swift in Sources */,
				D83333092B109011008F6D9A /* glimpseApp.swift in Sources */,
			);
			runOnlyForDeploymentPostprocessing = 0;
		};
		D83333122B109012008F6D9A /* Sources */ = {
			isa = PBXSourcesBuildPhase;
			buildActionMask = 2147483647;
			files = (
				D833331B2B109012008F6D9A /* glimpseTests.swift in Sources */,
			);
			runOnlyForDeploymentPostprocessing = 0;
		};
		D833331C2B109012008F6D9A /* Sources */ = {
			isa = PBXSourcesBuildPhase;
			buildActionMask = 2147483647;
			files = (
				D83333272B109012008F6D9A /* glimpseUITestsLaunchTests.swift in Sources */,
				D83333252B109012008F6D9A /* glimpseUITests.swift in Sources */,
			);
			runOnlyForDeploymentPostprocessing = 0;
		};
/* End PBXSourcesBuildPhase section */

/* Begin PBXTargetDependency section */
		D83333182B109012008F6D9A /* PBXTargetDependency */ = {
			isa = PBXTargetDependency;
			target = D83333042B109011008F6D9A /* glimpse */;
			targetProxy = D83333172B109012008F6D9A /* PBXContainerItemProxy */;
		};
		D83333222B109012008F6D9A /* PBXTargetDependency */ = {
			isa = PBXTargetDependency;
			target = D83333042B109011008F6D9A /* glimpse */;
			targetProxy = D83333212B109012008F6D9A /* PBXContainerItemProxy */;
		};
/* End PBXTargetDependency section */

/* Begin XCBuildConfiguration section */
		D83333282B109012008F6D9A /* Debug */ = {
			isa = XCBuildConfiguration;
			buildSettings = {
				ALWAYS_SEARCH_USER_PATHS = NO;
				ASSETCATALOG_COMPILER_GENERATE_SWIFT_ASSET_SYMBOL_EXTENSIONS = YES;
				CLANG_ANALYZER_NONNULL = YES;
				CLANG_ANALYZER_NUMBER_OBJECT_CONVERSION = YES_AGGRESSIVE;
				CLANG_CXX_LANGUAGE_STANDARD = "gnu++20";
				CLANG_ENABLE_MODULES = YES;
				CLANG_ENABLE_OBJC_ARC = YES;
				CLANG_ENABLE_OBJC_WEAK = YES;
				CLANG_WARN_BLOCK_CAPTURE_AUTORELEASING = YES;
				CLANG_WARN_BOOL_CONVERSION = YES;
				CLANG_WARN_COMMA = YES;
				CLANG_WARN_CONSTANT_CONVERSION = YES;
				CLANG_WARN_DEPRECATED_OBJC_IMPLEMENTATIONS = YES;
				CLANG_WARN_DIRECT_OBJC_ISA_USAGE = YES_ERROR;
				CLANG_WARN_DOCUMENTATION_COMMENTS = YES;
				CLANG_WARN_EMPTY_BODY = YES;
				CLANG_WARN_ENUM_CONVERSION = YES;
				CLANG_WARN_INFINITE_RECURSION = YES;
				CLANG_WARN_INT_CONVERSION = YES;
				CLANG_WARN_NON_LITERAL_NULL_CONVERSION = YES;
				CLANG_WARN_OBJC_IMPLICIT_RETAIN_SELF = YES;
				CLANG_WARN_OBJC_LITERAL_CONVERSION = YES;
				CLANG_WARN_OBJC_ROOT_CLASS = YES_ERROR;
				CLANG_WARN_QUOTED_INCLUDE_IN_FRAMEWORK_HEADER = YES;
				CLANG_WARN_RANGE_LOOP_ANALYSIS = YES;
				CLANG_WARN_STRICT_PROTOTYPES = YES;
				CLANG_WARN_SUSPICIOUS_MOVE = YES;
				CLANG_WARN_UNGUARDED_AVAILABILITY = YES_AGGRESSIVE;
				CLANG_WARN_UNREACHABLE_CODE = YES;
				CLANG_WARN__DUPLICATE_METHOD_MATCH = YES;
				COPY_PHASE_STRIP = NO;
				DEBUG_INFORMATION_FORMAT = dwarf;
				ENABLE_STRICT_OBJC_MSGSEND = YES;
				ENABLE_TESTABILITY = YES;
				ENABLE_USER_SCRIPT_SANDBOXING = YES;
				GCC_C_LANGUAGE_STANDARD = gnu17;
				GCC_DYNAMIC_NO_PIC = NO;
				GCC_NO_COMMON_BLOCKS = YES;
				GCC_OPTIMIZATION_LEVEL = 0;
				GCC_PREPROCESSOR_DEFINITIONS = (
					"DEBUG=1",
					"$(inherited)",
				);
				GCC_WARN_64_TO_32_BIT_CONVERSION = YES;
				GCC_WARN_ABOUT_RETURN_TYPE = YES_ERROR;
				GCC_WARN_UNDECLARED_SELECTOR = YES;
				GCC_WARN_UNINITIALIZED_AUTOS = YES_AGGRESSIVE;
				GCC_WARN_UNUSED_FUNCTION = YES;
				GCC_WARN_UNUSED_VARIABLE = YES;
				LOCALIZATION_PREFERS_STRING_CATALOGS = YES;
				MACOSX_DEPLOYMENT_TARGET = 14.0;
				MTL_ENABLE_DEBUG_INFO = INCLUDE_SOURCE;
				MTL_FAST_MATH = YES;
				ONLY_ACTIVE_ARCH = YES;
				SDKROOT = macosx;
				SWIFT_ACTIVE_COMPILATION_CONDITIONS = "DEBUG $(inherited)";
				SWIFT_OPTIMIZATION_LEVEL = "-Onone";
			};
			name = Debug;
		};
		D83333292B109012008F6D9A /* Release */ = {
			isa = XCBuildConfiguration;
			buildSettings = {
				ALWAYS_SEARCH_USER_PATHS = NO;
				ASSETCATALOG_COMPILER_GENERATE_SWIFT_ASSET_SYMBOL_EXTENSIONS = YES;
				CLANG_ANALYZER_NONNULL = YES;
				CLANG_ANALYZER_NUMBER_OBJECT_CONVERSION = YES_AGGRESSIVE;
				CLANG_CXX_LANGUAGE_STANDARD = "gnu++20";
				CLANG_ENABLE_MODULES = YES;
				CLANG_ENABLE_OBJC_ARC = YES;
				CLANG_ENABLE_OBJC_WEAK = YES;
				CLANG_WARN_BLOCK_CAPTURE_AUTORELEASING = YES;
				CLANG_WARN_BOOL_CONVERSION = YES;
				CLANG_WARN_COMMA = YES;
				CLANG_WARN_CONSTANT_CONVERSION = YES;
				CLANG_WARN_DEPRECATED_OBJC_IMPLEMENTATIONS = YES;
				CLANG_WARN_DIRECT_OBJC_ISA_USAGE = YES_ERROR;
				CLANG_WARN_DOCUMENTATION_COMMENTS = YES;
				CLANG_WARN_EMPTY_BODY = YES;
				CLANG_WARN_ENUM_CONVERSION = YES;
				CLANG_WARN_INFINITE_RECURSION = YES;
				CLANG_WARN_INT_CONVERSION = YES;
				CLANG_WARN_NON_LITERAL_NULL_CONVERSION = YES;
				CLANG_WARN_OBJC_IMPLICIT_RETAIN_SELF = YES;
				CLANG_WARN_OBJC_LITERAL_CONVERSION = YES;
				CLANG_WARN_OBJC_ROOT_CLASS = YES_ERROR;
				CLANG_WARN_QUOTED_INCLUDE_IN_FRAMEWORK_HEADER = YES;
				CLANG_WARN_RANGE_LOOP_ANALYSIS = YES;
				CLANG_WARN_STRICT_PROTOTYPES = YES;
				CLANG_WARN_SUSPICIOUS_MOVE = YES;
				CLANG_WARN_UNGUARDED_AVAILABILITY = YES_AGGRESSIVE;
				CLANG_WARN_UNREACHABLE_CODE = YES;
				CLANG_WARN__DUPLICATE_METHOD_MATCH = YES;
				COPY_PHASE_STRIP = NO;
				DEBUG_INFORMATION_FORMAT = "dwarf-with-dsym";
				ENABLE_NS_ASSERTIONS = NO;
				ENABLE_STRICT_OBJC_MSGSEND = YES;
				ENABLE_USER_SCRIPT_SANDBOXING = YES;
				GCC_C_LANGUAGE_STANDARD = gnu17;
				GCC_NO_COMMON_BLOCKS = YES;
				GCC_WARN_64_TO_32_BIT_CONVERSION = YES;
				GCC_WARN_ABOUT_RETURN_TYPE = YES_ERROR;
				GCC_WARN_UNDECLARED_SELECTOR = YES;
				GCC_WARN_UNINITIALIZED_AUTOS = YES_AGGRESSIVE;
				GCC_WARN_UNUSED_FUNCTION = YES;
				GCC_WARN_UNUSED_VARIABLE = YES;
				LOCALIZATION_PREFERS_STRING_CATALOGS = YES;
				MACOSX_DEPLOYMENT_TARGET = 14.0;
				MTL_ENABLE_DEBUG_INFO = NO;
				MTL_FAST_MATH = YES;
				SDKROOT = macosx;
				SWIFT_COMPILATION_MODE = wholemodule;
			};
			name = Release;
		};
		D833332B2B109012008F6D9A /* Debug */ = {
			isa = XCBuildConfiguration;
			buildSettings = {
				ASSETCATALOG_COMPILER_APPICON_NAME = AppIcon;
				ASSETCATALOG_COMPILER_GLOBAL_ACCENT_COLOR_NAME = AccentColor;
				CODE_SIGN_ENTITLEMENTS = glimpse/glimpse.entitlements;
				CODE_SIGN_STYLE = Automatic;
				COMBINE_HIDPI_IMAGES = YES;
				CURRENT_PROJECT_VERSION = 1;
				DEVELOPMENT_ASSET_PATHS = "\"glimpse/Preview Content\"";
				DEVELOPMENT_TEAM = QDB65CXLHC;
				ENABLE_HARDENED_RUNTIME = YES;
				ENABLE_PREVIEWS = YES;
				GENERATE_INFOPLIST_FILE = YES;
				INFOPLIST_KEY_NSHumanReadableCopyright = "";
				LD_RUNPATH_SEARCH_PATHS = (
					"$(inherited)",
					"@executable_path/../Frameworks",
				);
				MARKETING_VERSION = 1.0;
				PRODUCT_BUNDLE_IDENTIFIER = com.element.glimpse;
				PRODUCT_NAME = "$(TARGET_NAME)";
				SWIFT_EMIT_LOC_STRINGS = YES;
				SWIFT_VERSION = 5.0;
			};
			name = Debug;
		};
		D833332C2B109012008F6D9A /* Release */ = {
			isa = XCBuildConfiguration;
			buildSettings = {
				ASSETCATALOG_COMPILER_APPICON_NAME = AppIcon;
				ASSETCATALOG_COMPILER_GLOBAL_ACCENT_COLOR_NAME = AccentColor;
				CODE_SIGN_ENTITLEMENTS = glimpse/glimpse.entitlements;
				CODE_SIGN_STYLE = Automatic;
				COMBINE_HIDPI_IMAGES = YES;
				CURRENT_PROJECT_VERSION = 1;
				DEVELOPMENT_ASSET_PATHS = "\"glimpse/Preview Content\"";
				DEVELOPMENT_TEAM = QDB65CXLHC;
				ENABLE_HARDENED_RUNTIME = YES;
				ENABLE_PREVIEWS = YES;
				GENERATE_INFOPLIST_FILE = YES;
				INFOPLIST_KEY_NSHumanReadableCopyright = "";
				LD_RUNPATH_SEARCH_PATHS = (
					"$(inherited)",
					"@executable_path/../Frameworks",
				);
				MARKETING_VERSION = 1.0;
				PRODUCT_BUNDLE_IDENTIFIER = com.element.glimpse;
				PRODUCT_NAME = "$(TARGET_NAME)";
				SWIFT_EMIT_LOC_STRINGS = YES;
				SWIFT_VERSION = 5.0;
			};
			name = Release;
		};
		D833332E2B109012008F6D9A /* Debug */ = {
			isa = XCBuildConfiguration;
			buildSettings = {
				ALWAYS_EMBED_SWIFT_STANDARD_LIBRARIES = YES;
				BUNDLE_LOADER = "$(TEST_HOST)";
				CODE_SIGN_STYLE = Automatic;
				CURRENT_PROJECT_VERSION = 1;
				DEVELOPMENT_TEAM = QDB65CXLHC;
				GENERATE_INFOPLIST_FILE = YES;
				MACOSX_DEPLOYMENT_TARGET = 14.0;
				MARKETING_VERSION = 1.0;
				PRODUCT_BUNDLE_IDENTIFIER = com.element.glimpseTests;
				PRODUCT_NAME = "$(TARGET_NAME)";
				SWIFT_EMIT_LOC_STRINGS = NO;
				SWIFT_VERSION = 5.0;
				TEST_HOST = "$(BUILT_PRODUCTS_DIR)/glimpse.app/$(BUNDLE_EXECUTABLE_FOLDER_PATH)/glimpse";
			};
			name = Debug;
		};
		D833332F2B109012008F6D9A /* Release */ = {
			isa = XCBuildConfiguration;
			buildSettings = {
				ALWAYS_EMBED_SWIFT_STANDARD_LIBRARIES = YES;
				BUNDLE_LOADER = "$(TEST_HOST)";
				CODE_SIGN_STYLE = Automatic;
				CURRENT_PROJECT_VERSION = 1;
				DEVELOPMENT_TEAM = QDB65CXLHC;
				GENERATE_INFOPLIST_FILE = YES;
				MACOSX_DEPLOYMENT_TARGET = 14.0;
				MARKETING_VERSION = 1.0;
				PRODUCT_BUNDLE_IDENTIFIER = com.element.glimpseTests;
				PRODUCT_NAME = "$(TARGET_NAME)";
				SWIFT_EMIT_LOC_STRINGS = NO;
				SWIFT_VERSION = 5.0;
				TEST_HOST = "$(BUILT_PRODUCTS_DIR)/glimpse.app/$(BUNDLE_EXECUTABLE_FOLDER_PATH)/glimpse";
			};
			name = Release;
		};
		D83333312B109012008F6D9A /* Debug */ = {
			isa = XCBuildConfiguration;
			buildSettings = {
				ALWAYS_EMBED_SWIFT_STANDARD_LIBRARIES = YES;
				CODE_SIGN_STYLE = Automatic;
				CURRENT_PROJECT_VERSION = 1;
				DEVELOPMENT_TEAM = QDB65CXLHC;
				GENERATE_INFOPLIST_FILE = YES;
				MARKETING_VERSION = 1.0;
				PRODUCT_BUNDLE_IDENTIFIER = com.element.glimpseUITests;
				PRODUCT_NAME = "$(TARGET_NAME)";
				SWIFT_EMIT_LOC_STRINGS = NO;
				SWIFT_VERSION = 5.0;
				TEST_TARGET_NAME = glimpse;
			};
			name = Debug;
		};
		D83333322B109012008F6D9A /* Release */ = {
			isa = XCBuildConfiguration;
			buildSettings = {
				ALWAYS_EMBED_SWIFT_STANDARD_LIBRARIES = YES;
				CODE_SIGN_STYLE = Automatic;
				CURRENT_PROJECT_VERSION = 1;
				DEVELOPMENT_TEAM = QDB65CXLHC;
				GENERATE_INFOPLIST_FILE = YES;
				MARKETING_VERSION = 1.0;
				PRODUCT_BUNDLE_IDENTIFIER = com.element.glimpseUITests;
				PRODUCT_NAME = "$(TARGET_NAME)";
				SWIFT_EMIT_LOC_STRINGS = NO;
				SWIFT_VERSION = 5.0;
				TEST_TARGET_NAME = glimpse;
			};
			name = Release;
		};
/* End XCBuildConfiguration section */

/* Begin XCConfigurationList section */
		D83333002B109010008F6D9A /* Build configuration list for PBXProject "glimpse" */ = {
			isa = XCConfigurationList;
			buildConfigurations = (
				D83333282B109012008F6D9A /* Debug */,
				D83333292B109012008F6D9A /* Release */,
			);
			defaultConfigurationIsVisible = 0;
			defaultConfigurationName = Release;
		};
		D833332A2B109012008F6D9A /* Build configuration list for PBXNativeTarget "glimpse" */ = {
			isa = XCConfigurationList;
			buildConfigurations = (
				D833332B2B109012008F6D9A /* Debug */,
				D833332C2B109012008F6D9A /* Release */,
			);
			defaultConfigurationIsVisible = 0;
			defaultConfigurationName = Release;
		};
		D833332D2B109012008F6D9A /* Build configuration list for PBXNativeTarget "glimpseTests" */ = {
			isa = XCConfigurationList;
			buildConfigurations = (
				D833332E2B109012008F6D9A /* Debug */,
				D833332F2B109012008F6D9A /* Release */,
			);
			defaultConfigurationIsVisible = 0;
			defaultConfigurationName = Release;
		};
		D83333302B109012008F6D9A /* Build configuration list for PBXNativeTarget "glimpseUITests" */ = {
			isa = XCConfigurationList;
			buildConfigurations = (
				D83333312B109012008F6D9A /* Debug */,
				D83333322B109012008F6D9A /* Release */,
			);
			defaultConfigurationIsVisible = 0;
			defaultConfigurationName = Release;
		};
/* End XCConfigurationList section */
	};
	rootObject = D83332FD2B109010008F6D9A /* Project object */;
}
