// !$*UTF8*$!
{
	archiveVersion = 1;
	classes = {
	};
	objectVersion = 56;
	objects = {

/* Begin PBXBuildFile section */
		D833330D2B109012008F6D9A /* Assets.xcassets in Resources */ = {isa = PBXBuildFile; fileRef = D833330C2B109012008F6D9A /* Assets.xcassets */; };
		D8888A382B10F4C200F04E74 /* Preview Content in Resources */ = {isa = PBXBuildFile; fileRef = D8888A372B10F4C200F04E74 /* Preview Content */; };
		D8888A3A2B11D8F400F04E74 /* GlimpseApp.swift in Sources */ = {isa = PBXBuildFile; fileRef = D8888A392B11D8F400F04E74 /* GlimpseApp.swift */; };
		D8888A3C2B11D9FC00F04E74 /* AppMenu.swift in Sources */ = {isa = PBXBuildFile; fileRef = D8888A3B2B11D9FC00F04E74 /* AppMenu.swift */; };
		D8F701A92B11E76B00C427B3 /* Click.swift in Sources */ = {isa = PBXBuildFile; fileRef = D8F701A82B11E76B00C427B3 /* Click.swift */; };
		D8F701AB2B11E86B00C427B3 /* Display.swift in Sources */ = {isa = PBXBuildFile; fileRef = D8F701AA2B11E86B00C427B3 /* Display.swift */; };
		D8F701AD2B11E99D00C427B3 /* ClickList.swift in Sources */ = {isa = PBXBuildFile; fileRef = D8F701AC2B11E99D00C427B3 /* ClickList.swift */; };
		D8F701B22B11EFC800C427B3 /* useOperation.swift in Sources */ = {isa = PBXBuildFile; fileRef = D8F701B12B11EFC800C427B3 /* useOperation.swift */; };
		D8F701B82B12059800C427B3 /* useAccessibility.swift in Sources */ = {isa = PBXBuildFile; fileRef = D8F701B72B12059800C427B3 /* useAccessibility.swift */; };
		D8F701BD2B12320000C427B3 /* useJson.swift in Sources */ = {isa = PBXBuildFile; fileRef = D8F701BC2B12320000C427B3 /* useJson.swift */; };
		D8F701BF2B1237F200C427B3 /* useClicks.swift in Sources */ = {isa = PBXBuildFile; fileRef = D8F701BE2B1237F200C427B3 /* useClicks.swift */; };
/* End PBXBuildFile section */

/* Begin PBXFileReference section */
		D83333052B109011008F6D9A /* glimpse.app */ = {isa = PBXFileReference; explicitFileType = wrapper.application; includeInIndex = 0; path = glimpse.app; sourceTree = BUILT_PRODUCTS_DIR; };
		D833330C2B109012008F6D9A /* Assets.xcassets */ = {isa = PBXFileReference; lastKnownFileType = folder.assetcatalog; path = Assets.xcassets; sourceTree = "<group>"; };
		D8888A362B10F4A200F04E74 /* glimpse.entitlements */ = {isa = PBXFileReference; fileEncoding = 4; lastKnownFileType = text.plist.entitlements; path = glimpse.entitlements; sourceTree = "<group>"; };
		D8888A372B10F4C200F04E74 /* Preview Content */ = {isa = PBXFileReference; lastKnownFileType = folder; path = "Preview Content"; sourceTree = "<group>"; };
		D8888A392B11D8F400F04E74 /* GlimpseApp.swift */ = {isa = PBXFileReference; lastKnownFileType = sourcecode.swift; path = GlimpseApp.swift; sourceTree = "<group>"; };
		D8888A3B2B11D9FC00F04E74 /* AppMenu.swift */ = {isa = PBXFileReference; lastKnownFileType = sourcecode.swift; path = AppMenu.swift; sourceTree = "<group>"; };
		D8F701A82B11E76B00C427B3 /* Click.swift */ = {isa = PBXFileReference; lastKnownFileType = sourcecode.swift; path = Click.swift; sourceTree = "<group>"; };
		D8F701AA2B11E86B00C427B3 /* Display.swift */ = {isa = PBXFileReference; lastKnownFileType = sourcecode.swift; path = Display.swift; sourceTree = "<group>"; };
		D8F701AC2B11E99D00C427B3 /* ClickList.swift */ = {isa = PBXFileReference; lastKnownFileType = sourcecode.swift; path = ClickList.swift; sourceTree = "<group>"; };
		D8F701B12B11EFC800C427B3 /* useOperation.swift */ = {isa = PBXFileReference; lastKnownFileType = sourcecode.swift; path = useOperation.swift; sourceTree = "<group>"; };
		D8F701B72B12059800C427B3 /* useAccessibility.swift */ = {isa = PBXFileReference; lastKnownFileType = sourcecode.swift; path = useAccessibility.swift; sourceTree = "<group>"; };
		D8F701BC2B12320000C427B3 /* useJson.swift */ = {isa = PBXFileReference; lastKnownFileType = sourcecode.swift; path = useJson.swift; sourceTree = "<group>"; };
		D8F701BE2B1237F200C427B3 /* useClicks.swift */ = {isa = PBXFileReference; lastKnownFileType = sourcecode.swift; path = useClicks.swift; sourceTree = "<group>"; };
/* End PBXFileReference section */

/* Begin PBXFrameworksBuildPhase section */
		D83333022B109011008F6D9A /* Frameworks */ = {
			isa = PBXFrameworksBuildPhase;
			buildActionMask = 2147483647;
			files = (
			);
			runOnlyForDeploymentPostprocessing = 0;
		};
/* End PBXFrameworksBuildPhase section */

/* Begin PBXGroup section */
		D83332FC2B109010008F6D9A = {
			isa = PBXGroup;
			children = (
				D83333072B109011008F6D9A /* glimpse */,
				D83333062B109011008F6D9A /* Products */,
			);
			sourceTree = "<group>";
		};
		D83333062B109011008F6D9A /* Products */ = {
			isa = PBXGroup;
			children = (
				D83333052B109011008F6D9A /* glimpse.app */,
			);
			name = Products;
			sourceTree = "<group>";
		};
		D83333072B109011008F6D9A /* glimpse */ = {
			isa = PBXGroup;
			children = (
				D8F701B02B11EEBF00C427B3 /* Hooks */,
				D8F701A72B11E75D00C427B3 /* Models */,
				D8F701A62B11E6CA00C427B3 /* Views */,
				D8888A372B10F4C200F04E74 /* Preview Content */,
				D833330C2B109012008F6D9A /* Assets.xcassets */,
				D8888A362B10F4A200F04E74 /* glimpse.entitlements */,
				D8888A392B11D8F400F04E74 /* GlimpseApp.swift */,
			);
			path = glimpse;
			sourceTree = "<group>";
		};
		D8F701A62B11E6CA00C427B3 /* Views */ = {
			isa = PBXGroup;
			children = (
				D8888A3B2B11D9FC00F04E74 /* AppMenu.swift */,
				D8F701AC2B11E99D00C427B3 /* ClickList.swift */,
			);
			path = Views;
			sourceTree = "<group>";
		};
		D8F701A72B11E75D00C427B3 /* Models */ = {
			isa = PBXGroup;
			children = (
				D8F701A82B11E76B00C427B3 /* Click.swift */,
				D8F701AA2B11E86B00C427B3 /* Display.swift */,
			);
			path = Models;
			sourceTree = "<group>";
		};
		D8F701B02B11EEBF00C427B3 /* Hooks */ = {
			isa = PBXGroup;
			children = (
				D8F701B12B11EFC800C427B3 /* useOperation.swift */,
				D8F701B72B12059800C427B3 /* useAccessibility.swift */,
				D8F701BC2B12320000C427B3 /* useJson.swift */,
				D8F701BE2B1237F200C427B3 /* useClicks.swift */,
			);
			path = Hooks;
			sourceTree = "<group>";
		};
/* End PBXGroup section */

/* Begin PBXNativeTarget section */
		D83333042B109011008F6D9A /* glimpse */ = {
			isa = PBXNativeTarget;
			buildConfigurationList = D833332A2B109012008F6D9A /* Build configuration list for PBXNativeTarget "glimpse" */;
			buildPhases = (
				D83333012B109011008F6D9A /* Sources */,
				D83333022B109011008F6D9A /* Frameworks */,
				D83333032B109011008F6D9A /* Resources */,
			);
			buildRules = (
			);
			dependencies = (
			);
			name = glimpse;
			productName = glimpse;
			productReference = D83333052B109011008F6D9A /* glimpse.app */;
			productType = "com.apple.product-type.application";
		};
/* End PBXNativeTarget section */

/* Begin PBXProject section */
		D83332FD2B109010008F6D9A /* Project object */ = {
			isa = PBXProject;
			attributes = {
				BuildIndependentTargetsInParallel = 1;
				LastSwiftUpdateCheck = 1500;
				LastUpgradeCheck = 1500;
				TargetAttributes = {
					D83333042B109011008F6D9A = {
						CreatedOnToolsVersion = 15.0.1;
					};
				};
			};
			buildConfigurationList = D83333002B109010008F6D9A /* Build configuration list for PBXProject "glimpse" */;
			compatibilityVersion = "Xcode 14.0";
			developmentRegion = en;
			hasScannedForEncodings = 0;
			knownRegions = (
				en,
				Base,
			);
			mainGroup = D83332FC2B109010008F6D9A;
			productRefGroup = D83333062B109011008F6D9A /* Products */;
			projectDirPath = "";
			projectRoot = "";
			targets = (
				D83333042B109011008F6D9A /* glimpse */,
			);
		};
/* End PBXProject section */

/* Begin PBXResourcesBuildPhase section */
		D83333032B109011008F6D9A /* Resources */ = {
			isa = PBXResourcesBuildPhase;
			buildActionMask = 2147483647;
			files = (
				D8888A382B10F4C200F04E74 /* Preview Content in Resources */,
				D833330D2B109012008F6D9A /* Assets.xcassets in Resources */,
			);
			runOnlyForDeploymentPostprocessing = 0;
		};
/* End PBXResourcesBuildPhase section */

/* Begin PBXSourcesBuildPhase section */
		D83333012B109011008F6D9A /* Sources */ = {
			isa = PBXSourcesBuildPhase;
			buildActionMask = 2147483647;
			files = (
				D8F701B22B11EFC800C427B3 /* useOperation.swift in Sources */,
				D8F701AB2B11E86B00C427B3 /* Display.swift in Sources */,
				D8F701BF2B1237F200C427B3 /* useClicks.swift in Sources */,
				D8F701A92B11E76B00C427B3 /* Click.swift in Sources */,
				D8888A3C2B11D9FC00F04E74 /* AppMenu.swift in Sources */,
				D8888A3A2B11D8F400F04E74 /* GlimpseApp.swift in Sources */,
				D8F701AD2B11E99D00C427B3 /* ClickList.swift in Sources */,
				D8F701B82B12059800C427B3 /* useAccessibility.swift in Sources */,
				D8F701BD2B12320000C427B3 /* useJson.swift in Sources */,
			);
			runOnlyForDeploymentPostprocessing = 0;
		};
/* End PBXSourcesBuildPhase section */

/* Begin XCBuildConfiguration section */
		D83333282B109012008F6D9A /* Debug */ = {
			isa = XCBuildConfiguration;
			buildSettings = {
				ALWAYS_SEARCH_USER_PATHS = NO;
				ASSETCATALOG_COMPILER_GENERATE_SWIFT_ASSET_SYMBOL_EXTENSIONS = YES;
				CLANG_ANALYZER_NONNULL = YES;
				CLANG_ANALYZER_NUMBER_OBJECT_CONVERSION = YES_AGGRESSIVE;
				CLANG_CXX_LANGUAGE_STANDARD = "gnu++20";
				CLANG_ENABLE_MODULES = YES;
				CLANG_ENABLE_OBJC_ARC = YES;
				CLANG_ENABLE_OBJC_WEAK = YES;
				CLANG_WARN_BLOCK_CAPTURE_AUTORELEASING = YES;
				CLANG_WARN_BOOL_CONVERSION = YES;
				CLANG_WARN_COMMA = YES;
				CLANG_WARN_CONSTANT_CONVERSION = YES;
				CLANG_WARN_DEPRECATED_OBJC_IMPLEMENTATIONS = YES;
				CLANG_WARN_DIRECT_OBJC_ISA_USAGE = YES_ERROR;
				CLANG_WARN_DOCUMENTATION_COMMENTS = YES;
				CLANG_WARN_EMPTY_BODY = YES;
				CLANG_WARN_ENUM_CONVERSION = YES;
				CLANG_WARN_INFINITE_RECURSION = YES;
				CLANG_WARN_INT_CONVERSION = YES;
				CLANG_WARN_NON_LITERAL_NULL_CONVERSION = YES;
				CLANG_WARN_OBJC_IMPLICIT_RETAIN_SELF = YES;
				CLANG_WARN_OBJC_LITERAL_CONVERSION = YES;
				CLANG_WARN_OBJC_ROOT_CLASS = YES_ERROR;
				CLANG_WARN_QUOTED_INCLUDE_IN_FRAMEWORK_HEADER = YES;
				CLANG_WARN_RANGE_LOOP_ANALYSIS = YES;
				CLANG_WARN_STRICT_PROTOTYPES = YES;
				CLANG_WARN_SUSPICIOUS_MOVE = YES;
				CLANG_WARN_UNGUARDED_AVAILABILITY = YES_AGGRESSIVE;
				CLANG_WARN_UNREACHABLE_CODE = YES;
				CLANG_WARN__DUPLICATE_METHOD_MATCH = YES;
				COPY_PHASE_STRIP = NO;
				DEBUG_INFORMATION_FORMAT = dwarf;
				ENABLE_STRICT_OBJC_MSGSEND = YES;
				ENABLE_TESTABILITY = YES;
				ENABLE_USER_SCRIPT_SANDBOXING = YES;
				GCC_C_LANGUAGE_STANDARD = gnu17;
				GCC_DYNAMIC_NO_PIC = NO;
				GCC_NO_COMMON_BLOCKS = YES;
				GCC_OPTIMIZATION_LEVEL = 0;
				GCC_PREPROCESSOR_DEFINITIONS = (
					"DEBUG=1",
					"$(inherited)",
				);
				GCC_WARN_64_TO_32_BIT_CONVERSION = YES;
				GCC_WARN_ABOUT_RETURN_TYPE = YES_ERROR;
				GCC_WARN_UNDECLARED_SELECTOR = YES;
				GCC_WARN_UNINITIALIZED_AUTOS = YES_AGGRESSIVE;
				GCC_WARN_UNUSED_FUNCTION = YES;
				GCC_WARN_UNUSED_VARIABLE = YES;
				LOCALIZATION_PREFERS_STRING_CATALOGS = YES;
				MACOSX_DEPLOYMENT_TARGET = 14.0;
				MTL_ENABLE_DEBUG_INFO = INCLUDE_SOURCE;
				MTL_FAST_MATH = YES;
				ONLY_ACTIVE_ARCH = YES;
				SDKROOT = macosx;
				SWIFT_ACTIVE_COMPILATION_CONDITIONS = "DEBUG $(inherited)";
				SWIFT_OPTIMIZATION_LEVEL = "-Onone";
			};
			name = Debug;
		};
		D83333292B109012008F6D9A /* Release */ = {
			isa = XCBuildConfiguration;
			buildSettings = {
				ALWAYS_SEARCH_USER_PATHS = NO;
				ASSETCATALOG_COMPILER_GENERATE_SWIFT_ASSET_SYMBOL_EXTENSIONS = YES;
				CLANG_ANALYZER_NONNULL = YES;
				CLANG_ANALYZER_NUMBER_OBJECT_CONVERSION = YES_AGGRESSIVE;
				CLANG_CXX_LANGUAGE_STANDARD = "gnu++20";
				CLANG_ENABLE_MODULES = YES;
				CLANG_ENABLE_OBJC_ARC = YES;
				CLANG_ENABLE_OBJC_WEAK = YES;
				CLANG_WARN_BLOCK_CAPTURE_AUTORELEASING = YES;
				CLANG_WARN_BOOL_CONVERSION = YES;
				CLANG_WARN_COMMA = YES;
				CLANG_WARN_CONSTANT_CONVERSION = YES;
				CLANG_WARN_DEPRECATED_OBJC_IMPLEMENTATIONS = YES;
				CLANG_WARN_DIRECT_OBJC_ISA_USAGE = YES_ERROR;
				CLANG_WARN_DOCUMENTATION_COMMENTS = YES;
				CLANG_WARN_EMPTY_BODY = YES;
				CLANG_WARN_ENUM_CONVERSION = YES;
				CLANG_WARN_INFINITE_RECURSION = YES;
				CLANG_WARN_INT_CONVERSION = YES;
				CLANG_WARN_NON_LITERAL_NULL_CONVERSION = YES;
				CLANG_WARN_OBJC_IMPLICIT_RETAIN_SELF = YES;
				CLANG_WARN_OBJC_LITERAL_CONVERSION = YES;
				CLANG_WARN_OBJC_ROOT_CLASS = YES_ERROR;
				CLANG_WARN_QUOTED_INCLUDE_IN_FRAMEWORK_HEADER = YES;
				CLANG_WARN_RANGE_LOOP_ANALYSIS = YES;
				CLANG_WARN_STRICT_PROTOTYPES = YES;
				CLANG_WARN_SUSPICIOUS_MOVE = YES;
				CLANG_WARN_UNGUARDED_AVAILABILITY = YES_AGGRESSIVE;
				CLANG_WARN_UNREACHABLE_CODE = YES;
				CLANG_WARN__DUPLICATE_METHOD_MATCH = YES;
				COPY_PHASE_STRIP = NO;
				DEBUG_INFORMATION_FORMAT = "dwarf-with-dsym";
				ENABLE_NS_ASSERTIONS = NO;
				ENABLE_STRICT_OBJC_MSGSEND = YES;
				ENABLE_USER_SCRIPT_SANDBOXING = YES;
				GCC_C_LANGUAGE_STANDARD = gnu17;
				GCC_NO_COMMON_BLOCKS = YES;
				GCC_WARN_64_TO_32_BIT_CONVERSION = YES;
				GCC_WARN_ABOUT_RETURN_TYPE = YES_ERROR;
				GCC_WARN_UNDECLARED_SELECTOR = YES;
				GCC_WARN_UNINITIALIZED_AUTOS = YES_AGGRESSIVE;
				GCC_WARN_UNUSED_FUNCTION = YES;
				GCC_WARN_UNUSED_VARIABLE = YES;
				LOCALIZATION_PREFERS_STRING_CATALOGS = YES;
				MACOSX_DEPLOYMENT_TARGET = 14.0;
				MTL_ENABLE_DEBUG_INFO = NO;
				MTL_FAST_MATH = YES;
				SDKROOT = macosx;
				SWIFT_COMPILATION_MODE = wholemodule;
			};
			name = Release;
		};
		D833332B2B109012008F6D9A /* Debug */ = {
			isa = XCBuildConfiguration;
			buildSettings = {
				ASSETCATALOG_COMPILER_APPICON_NAME = AppIcon;
				ASSETCATALOG_COMPILER_GLOBAL_ACCENT_COLOR_NAME = AccentColor;
				CODE_SIGN_ENTITLEMENTS = glimpse/glimpse.entitlements;
				CODE_SIGN_STYLE = Automatic;
				COMBINE_HIDPI_IMAGES = YES;
				CURRENT_PROJECT_VERSION = 1;
				DEVELOPMENT_ASSET_PATHS = "\"glimpse/Preview Content\"";
				DEVELOPMENT_TEAM = QDB65CXLHC;
				ENABLE_HARDENED_RUNTIME = YES;
				ENABLE_PREVIEWS = YES;
				GENERATE_INFOPLIST_FILE = YES;
				INFOPLIST_KEY_LSUIElement = YES;
				INFOPLIST_KEY_NSHumanReadableCopyright = "";
				LD_RUNPATH_SEARCH_PATHS = (
					"$(inherited)",
					"@executable_path/../Frameworks",
				);
				MARKETING_VERSION = 1.0;
				PRODUCT_BUNDLE_IDENTIFIER = com.element.glimpse;
				PRODUCT_NAME = "$(TARGET_NAME)";
				SWIFT_EMIT_LOC_STRINGS = YES;
				SWIFT_VERSION = 5.0;
			};
			name = Debug;
		};
		D833332C2B109012008F6D9A /* Release */ = {
			isa = XCBuildConfiguration;
			buildSettings = {
				ASSETCATALOG_COMPILER_APPICON_NAME = AppIcon;
				ASSETCATALOG_COMPILER_GLOBAL_ACCENT_COLOR_NAME = AccentColor;
				CODE_SIGN_ENTITLEMENTS = glimpse/glimpse.entitlements;
				CODE_SIGN_STYLE = Automatic;
				COMBINE_HIDPI_IMAGES = YES;
				CURRENT_PROJECT_VERSION = 1;
				DEVELOPMENT_ASSET_PATHS = "\"glimpse/Preview Content\"";
				DEVELOPMENT_TEAM = QDB65CXLHC;
				ENABLE_HARDENED_RUNTIME = YES;
				ENABLE_PREVIEWS = YES;
				GENERATE_INFOPLIST_FILE = YES;
				INFOPLIST_KEY_LSUIElement = YES;
				INFOPLIST_KEY_NSHumanReadableCopyright = "";
				LD_RUNPATH_SEARCH_PATHS = (
					"$(inherited)",
					"@executable_path/../Frameworks",
				);
				MARKETING_VERSION = 1.0;
				PRODUCT_BUNDLE_IDENTIFIER = com.element.glimpse;
				PRODUCT_NAME = "$(TARGET_NAME)";
				SWIFT_EMIT_LOC_STRINGS = YES;
				SWIFT_VERSION = 5.0;
			};
			name = Release;
		};
/* End XCBuildConfiguration section */

/* Begin XCConfigurationList section */
		D83333002B109010008F6D9A /* Build configuration list for PBXProject "glimpse" */ = {
			isa = XCConfigurationList;
			buildConfigurations = (
				D83333282B109012008F6D9A /* Debug */,
				D83333292B109012008F6D9A /* Release */,
			);
			defaultConfigurationIsVisible = 0;
			defaultConfigurationName = Release;
		};
		D833332A2B109012008F6D9A /* Build configuration list for PBXNativeTarget "glimpse" */ = {
			isa = XCConfigurationList;
			buildConfigurations = (
				D833332B2B109012008F6D9A /* Debug */,
				D833332C2B109012008F6D9A /* Release */,
			);
			defaultConfigurationIsVisible = 0;
			defaultConfigurationName = Release;
		};
/* End XCConfigurationList section */
	};
	rootObject = D83332FD2B109010008F6D9A /* Project object */;
}
